// !$*UTF8*$!
{
	archiveVersion = 1;
	classes = {
	};
	objectVersion = 55;
	objects = {

/* Begin PBXBuildFile section */
		1A57E85828AF9BB200B0F75A /* ModularApp.swift in Sources */ = {isa = PBXBuildFile; fileRef = 1A57E85728AF9BB200B0F75A /* ModularApp.swift */; };
		1A57E85C28AF9BB400B0F75A /* Assets.xcassets in Resources */ = {isa = PBXBuildFile; fileRef = 1A57E85B28AF9BB400B0F75A /* Assets.xcassets */; };
		1A57E85F28AF9BB400B0F75A /* Preview Assets.xcassets in Resources */ = {isa = PBXBuildFile; fileRef = 1A57E85E28AF9BB400B0F75A /* Preview Assets.xcassets */; };
		1A57E86928AF9BB500B0F75A /* ModularTests.swift in Sources */ = {isa = PBXBuildFile; fileRef = 1A57E86828AF9BB500B0F75A /* ModularTests.swift */; };
		1A57E87328AF9BB500B0F75A /* ModularUITests.swift in Sources */ = {isa = PBXBuildFile; fileRef = 1A57E87228AF9BB500B0F75A /* ModularUITests.swift */; };
		1A57E87528AF9BB500B0F75A /* ModularUITestsLaunchTests.swift in Sources */ = {isa = PBXBuildFile; fileRef = 1A57E87428AF9BB500B0F75A /* ModularUITestsLaunchTests.swift */; };
		1A57E88228AF9BEC00B0F75A /* Utils.swift in Sources */ = {isa = PBXBuildFile; fileRef = 1A57E88128AF9BEC00B0F75A /* Utils.swift */; };
		1A57E8B028AF9BF900B0F75A /* hikeData.json in Resources */ = {isa = PBXBuildFile; fileRef = 1A57E88428AF9BF900B0F75A /* hikeData.json */; };
		1A57E8B128AF9BF900B0F75A /* landmarkData.json in Resources */ = {isa = PBXBuildFile; fileRef = 1A57E88528AF9BF900B0F75A /* landmarkData.json */; };
		1A57E8B228AF9BF900B0F75A /* GraphCapsule.swift in Sources */ = {isa = PBXBuildFile; fileRef = 1A57E88828AF9BF900B0F75A /* GraphCapsule.swift */; };
		1A57E8B328AF9BF900B0F75A /* HikeGraph.swift in Sources */ = {isa = PBXBuildFile; fileRef = 1A57E88928AF9BF900B0F75A /* HikeGraph.swift */; };
		1A57E8B428AF9BF900B0F75A /* HikeBadge.swift in Sources */ = {isa = PBXBuildFile; fileRef = 1A57E88A28AF9BF900B0F75A /* HikeBadge.swift */; };
		1A57E8B528AF9BF900B0F75A /* HikeDetail.swift in Sources */ = {isa = PBXBuildFile; fileRef = 1A57E88B28AF9BF900B0F75A /* HikeDetail.swift */; };
		1A57E8B628AF9BF900B0F75A /* Hike.swift in Sources */ = {isa = PBXBuildFile; fileRef = 1A57E88C28AF9BF900B0F75A /* Hike.swift */; };
		1A57E8B728AF9BF900B0F75A /* HikeView.swift in Sources */ = {isa = PBXBuildFile; fileRef = 1A57E88D28AF9BF900B0F75A /* HikeView.swift */; };
		1A57E8B828AF9BF900B0F75A /* FeatureCard.swift in Sources */ = {isa = PBXBuildFile; fileRef = 1A57E88F28AF9BF900B0F75A /* FeatureCard.swift */; };
		1A57E8B928AF9BF900B0F75A /* PageControl.swift in Sources */ = {isa = PBXBuildFile; fileRef = 1A57E89028AF9BF900B0F75A /* PageControl.swift */; };
		1A57E8BA28AF9BF900B0F75A /* PageViewController.swift in Sources */ = {isa = PBXBuildFile; fileRef = 1A57E89128AF9BF900B0F75A /* PageViewController.swift */; };
		1A57E8BB28AF9BF900B0F75A /* PageView.swift in Sources */ = {isa = PBXBuildFile; fileRef = 1A57E89228AF9BF900B0F75A /* PageView.swift */; };
		1A57E8BC28AF9BF900B0F75A /* LandmarkList.swift in Sources */ = {isa = PBXBuildFile; fileRef = 1A57E89428AF9BF900B0F75A /* LandmarkList.swift */; };
		1A57E8BD28AF9BF900B0F75A /* LandmarkDetail.swift in Sources */ = {isa = PBXBuildFile; fileRef = 1A57E89528AF9BF900B0F75A /* LandmarkDetail.swift */; };
		1A57E8BE28AF9BF900B0F75A /* LandmarkRow.swift in Sources */ = {isa = PBXBuildFile; fileRef = 1A57E89628AF9BF900B0F75A /* LandmarkRow.swift */; };
		1A57E8BF28AF9BF900B0F75A /* ProfileSummary.swift in Sources */ = {isa = PBXBuildFile; fileRef = 1A57E89828AF9BF900B0F75A /* ProfileSummary.swift */; };
		1A57E8C028AF9BF900B0F75A /* Profile.swift in Sources */ = {isa = PBXBuildFile; fileRef = 1A57E89928AF9BF900B0F75A /* Profile.swift */; };
		1A57E8C128AF9BF900B0F75A /* ProfileEditor.swift in Sources */ = {isa = PBXBuildFile; fileRef = 1A57E89A28AF9BF900B0F75A /* ProfileEditor.swift */; };
		1A57E8C228AF9BF900B0F75A /* ProfileHost.swift in Sources */ = {isa = PBXBuildFile; fileRef = 1A57E89B28AF9BF900B0F75A /* ProfileHost.swift */; };
		1A57E8C328AF9BF900B0F75A /* NoSeparatorList.swift in Sources */ = {isa = PBXBuildFile; fileRef = 1A57E89D28AF9BF900B0F75A /* NoSeparatorList.swift */; };
		1A57E8C428AF9BF900B0F75A /* CategoryItem.swift in Sources */ = {isa = PBXBuildFile; fileRef = 1A57E89F28AF9BF900B0F75A /* CategoryItem.swift */; };
		1A57E8C528AF9BF900B0F75A /* CategoryHome.swift in Sources */ = {isa = PBXBuildFile; fileRef = 1A57E8A028AF9BF900B0F75A /* CategoryHome.swift */; };
		1A57E8C628AF9BF900B0F75A /* CategoryRow.swift in Sources */ = {isa = PBXBuildFile; fileRef = 1A57E8A128AF9BF900B0F75A /* CategoryRow.swift */; };
		1A57E8C728AF9BF900B0F75A /* ContentView.swift in Sources */ = {isa = PBXBuildFile; fileRef = 1A57E8A228AF9BF900B0F75A /* ContentView.swift */; };
		1A57E8C828AF9BF900B0F75A /* MapView.swift in Sources */ = {isa = PBXBuildFile; fileRef = 1A57E8A428AF9BF900B0F75A /* MapView.swift */; };
		1A57E8C928AF9BF900B0F75A /* FavoriteButton.swift in Sources */ = {isa = PBXBuildFile; fileRef = 1A57E8A528AF9BF900B0F75A /* FavoriteButton.swift */; };
		1A57E8CA28AF9BF900B0F75A /* CircleImageView.swift in Sources */ = {isa = PBXBuildFile; fileRef = 1A57E8A628AF9BF900B0F75A /* CircleImageView.swift */; };
		1A57E8CB28AF9BF900B0F75A /* RotatedBadgeSymbol.swift in Sources */ = {isa = PBXBuildFile; fileRef = 1A57E8A828AF9BF900B0F75A /* RotatedBadgeSymbol.swift */; };
		1A57E8CC28AF9BF900B0F75A /* HexagonParameters.swift in Sources */ = {isa = PBXBuildFile; fileRef = 1A57E8A928AF9BF900B0F75A /* HexagonParameters.swift */; };
		1A57E8CD28AF9BF900B0F75A /* BadgeSymbol.swift in Sources */ = {isa = PBXBuildFile; fileRef = 1A57E8AA28AF9BF900B0F75A /* BadgeSymbol.swift */; };
		1A57E8CE28AF9BF900B0F75A /* BadgeBackground.swift in Sources */ = {isa = PBXBuildFile; fileRef = 1A57E8AB28AF9BF900B0F75A /* BadgeBackground.swift */; };
		1A57E8CF28AF9BF900B0F75A /* Badge.swift in Sources */ = {isa = PBXBuildFile; fileRef = 1A57E8AC28AF9BF900B0F75A /* Badge.swift */; };
		1A57E8D028AF9BF900B0F75A /* ModelData.swift in Sources */ = {isa = PBXBuildFile; fileRef = 1A57E8AE28AF9BF900B0F75A /* ModelData.swift */; };
		1A57E8D128AF9BF900B0F75A /* Landmark.swift in Sources */ = {isa = PBXBuildFile; fileRef = 1A57E8AF28AF9BF900B0F75A /* Landmark.swift */; };
		1AD62F3228B34E3A00140D72 /* Assets.xcassets in Resources */ = {isa = PBXBuildFile; fileRef = 1AD62F3128B34E3A00140D72 /* Assets.xcassets */; };
		1AD62F3828B34E3A00140D72 /* WatchLandmarks WatchKit Extension.appex in Embed App Extensions */ = {isa = PBXBuildFile; fileRef = 1AD62F3728B34E3A00140D72 /* WatchLandmarks WatchKit Extension.appex */; settings = {ATTRIBUTES = (RemoveHeadersOnCopy, ); }; };
		1AD62F3F28B34E3A00140D72 /* ContentView.swift in Sources */ = {isa = PBXBuildFile; fileRef = 1AD62F3E28B34E3A00140D72 /* ContentView.swift */; };
		1AD62F4128B34E3A00140D72 /* NotificationController.swift in Sources */ = {isa = PBXBuildFile; fileRef = 1AD62F4028B34E3A00140D72 /* NotificationController.swift */; };
		1AD62F4328B34E3A00140D72 /* NotificationView.swift in Sources */ = {isa = PBXBuildFile; fileRef = 1AD62F4228B34E3A00140D72 /* NotificationView.swift */; };
		1AD62F4528B34E3A00140D72 /* ComplicationController.swift in Sources */ = {isa = PBXBuildFile; fileRef = 1AD62F4428B34E3A00140D72 /* ComplicationController.swift */; };
		1AD62F4728B34E3B00140D72 /* Assets.xcassets in Resources */ = {isa = PBXBuildFile; fileRef = 1AD62F4628B34E3B00140D72 /* Assets.xcassets */; };
		1AD62F4A28B34E3C00140D72 /* Preview Assets.xcassets in Resources */ = {isa = PBXBuildFile; fileRef = 1AD62F4928B34E3B00140D72 /* Preview Assets.xcassets */; };
		1AD62F5628B34E3C00140D72 /* WatchLandmarksTests.swift in Sources */ = {isa = PBXBuildFile; fileRef = 1AD62F5528B34E3C00140D72 /* WatchLandmarksTests.swift */; };
		1AD62F6028B34E3C00140D72 /* WatchLandmarksUITests.swift in Sources */ = {isa = PBXBuildFile; fileRef = 1AD62F5F28B34E3C00140D72 /* WatchLandmarksUITests.swift */; };
		1AD62F6228B34E3C00140D72 /* WatchLandmarksUITestsLaunchTests.swift in Sources */ = {isa = PBXBuildFile; fileRef = 1AD62F6128B34E3C00140D72 /* WatchLandmarksUITestsLaunchTests.swift */; };
		1AD62F6528B34E3C00140D72 /* WatchLandmarks.app in Embed Watch Content */ = {isa = PBXBuildFile; fileRef = 1AD62F2F28B34E3800140D72 /* WatchLandmarks.app */; settings = {ATTRIBUTES = (RemoveHeadersOnCopy, ); }; };
		1AD62F7428B34FAD00140D72 /* Profile.swift in Sources */ = {isa = PBXBuildFile; fileRef = 1A57E89928AF9BF900B0F75A /* Profile.swift */; };
		1AD62F7528B34FAD00140D72 /* Assets.xcassets in Resources */ = {isa = PBXBuildFile; fileRef = 1A57E85B28AF9BB400B0F75A /* Assets.xcassets */; };
		1AD62F7628B34FAD00140D72 /* Landmark.swift in Sources */ = {isa = PBXBuildFile; fileRef = 1A57E8AF28AF9BF900B0F75A /* Landmark.swift */; };
		1AD62F7728B34FAD00140D72 /* landmarkData.json in Resources */ = {isa = PBXBuildFile; fileRef = 1A57E88528AF9BF900B0F75A /* landmarkData.json */; };
		1AD62F7828B34FAD00140D72 /* hikeData.json in Resources */ = {isa = PBXBuildFile; fileRef = 1A57E88428AF9BF900B0F75A /* hikeData.json */; };
		1AD62F7928B34FAD00140D72 /* Hike.swift in Sources */ = {isa = PBXBuildFile; fileRef = 1A57E88C28AF9BF900B0F75A /* Hike.swift */; };
		1AD62F7A28B34FAD00140D72 /* LandmarkList.swift in Sources */ = {isa = PBXBuildFile; fileRef = 1A57E89428AF9BF900B0F75A /* LandmarkList.swift */; };
		1AD62F7B28B34FAD00140D72 /* ModelData.swift in Sources */ = {isa = PBXBuildFile; fileRef = 1A57E8AE28AF9BF900B0F75A /* ModelData.swift */; };
		1AD62F7C28B34FAD00140D72 /* LandmarkRow.swift in Sources */ = {isa = PBXBuildFile; fileRef = 1A57E89628AF9BF900B0F75A /* LandmarkRow.swift */; };
		1AD62F7D28B34FAD00140D72 /* ModularApp.swift in Sources */ = {isa = PBXBuildFile; fileRef = 1A57E85728AF9BB200B0F75A /* ModularApp.swift */; };
		1AD62F7E28B34FAD00140D72 /* MapView.swift in Sources */ = {isa = PBXBuildFile; fileRef = 1A57E8A428AF9BF900B0F75A /* MapView.swift */; };
		1AD62F7F28B34FAD00140D72 /* CircleImageView.swift in Sources */ = {isa = PBXBuildFile; fileRef = 1A57E8A628AF9BF900B0F75A /* CircleImageView.swift */; };
		1AD62F8128B351BD00140D72 /* LandmarkDetail.swift in Sources */ = {isa = PBXBuildFile; fileRef = 1AD62F8028B351BD00140D72 /* LandmarkDetail.swift */; };
		1AD62F8228B3573D00140D72 /* Utils.swift in Sources */ = {isa = PBXBuildFile; fileRef = 1A57E88128AF9BEC00B0F75A /* Utils.swift */; };
/* End PBXBuildFile section */

/* Begin PBXContainerItemProxy section */
		1A57E86528AF9BB500B0F75A /* PBXContainerItemProxy */ = {
			isa = PBXContainerItemProxy;
			containerPortal = 1A57E84C28AF9BB200B0F75A /* Project object */;
			proxyType = 1;
			remoteGlobalIDString = 1A57E85328AF9BB200B0F75A;
			remoteInfo = Modular;
		};
		1A57E86F28AF9BB500B0F75A /* PBXContainerItemProxy */ = {
			isa = PBXContainerItemProxy;
			containerPortal = 1A57E84C28AF9BB200B0F75A /* Project object */;
			proxyType = 1;
			remoteGlobalIDString = 1A57E85328AF9BB200B0F75A;
			remoteInfo = Modular;
		};
		1AD62F3928B34E3A00140D72 /* PBXContainerItemProxy */ = {
			isa = PBXContainerItemProxy;
			containerPortal = 1A57E84C28AF9BB200B0F75A /* Project object */;
			proxyType = 1;
			remoteGlobalIDString = 1AD62F3628B34E3A00140D72;
			remoteInfo = "WatchLandmarks WatchKit Extension";
		};
		1AD62F5228B34E3C00140D72 /* PBXContainerItemProxy */ = {
			isa = PBXContainerItemProxy;
			containerPortal = 1A57E84C28AF9BB200B0F75A /* Project object */;
			proxyType = 1;
			remoteGlobalIDString = 1AD62F3628B34E3A00140D72;
			remoteInfo = "WatchLandmarks WatchKit Extension";
		};
		1AD62F5C28B34E3C00140D72 /* PBXContainerItemProxy */ = {
			isa = PBXContainerItemProxy;
			containerPortal = 1A57E84C28AF9BB200B0F75A /* Project object */;
			proxyType = 1;
			remoteGlobalIDString = 1AD62F2E28B34E3800140D72;
			remoteInfo = WatchLandmarks;
		};
		1AD62F6328B34E3C00140D72 /* PBXContainerItemProxy */ = {
			isa = PBXContainerItemProxy;
			containerPortal = 1A57E84C28AF9BB200B0F75A /* Project object */;
			proxyType = 1;
			remoteGlobalIDString = 1AD62F2E28B34E3800140D72;
			remoteInfo = WatchLandmarks;
		};
/* End PBXContainerItemProxy section */

/* Begin PBXCopyFilesBuildPhase section */
		1AD62F6628B34E3C00140D72 /* Embed Watch Content */ = {
			isa = PBXCopyFilesBuildPhase;
			buildActionMask = 2147483647;
			dstPath = "$(CONTENTS_FOLDER_PATH)/Watch";
			dstSubfolderSpec = 16;
			files = (
				1AD62F6528B34E3C00140D72 /* WatchLandmarks.app in Embed Watch Content */,
			);
			name = "Embed Watch Content";
			runOnlyForDeploymentPostprocessing = 0;
		};
		1AD62F6928B34E3C00140D72 /* Embed App Extensions */ = {
			isa = PBXCopyFilesBuildPhase;
			buildActionMask = 2147483647;
			dstPath = "";
			dstSubfolderSpec = 13;
			files = (
				1AD62F3828B34E3A00140D72 /* WatchLandmarks WatchKit Extension.appex in Embed App Extensions */,
			);
			name = "Embed App Extensions";
			runOnlyForDeploymentPostprocessing = 0;
		};
/* End PBXCopyFilesBuildPhase section */

/* Begin PBXFileReference section */
		1A57E85428AF9BB200B0F75A /* Modular.app */ = {isa = PBXFileReference; explicitFileType = wrapper.application; includeInIndex = 0; path = Modular.app; sourceTree = BUILT_PRODUCTS_DIR; };
		1A57E85728AF9BB200B0F75A /* ModularApp.swift */ = {isa = PBXFileReference; lastKnownFileType = sourcecode.swift; path = ModularApp.swift; sourceTree = "<group>"; };
		1A57E85B28AF9BB400B0F75A /* Assets.xcassets */ = {isa = PBXFileReference; lastKnownFileType = folder.assetcatalog; path = Assets.xcassets; sourceTree = "<group>"; };
		1A57E85E28AF9BB400B0F75A /* Preview Assets.xcassets */ = {isa = PBXFileReference; lastKnownFileType = folder.assetcatalog; path = "Preview Assets.xcassets"; sourceTree = "<group>"; };
		1A57E86428AF9BB500B0F75A /* ModularTests.xctest */ = {isa = PBXFileReference; explicitFileType = wrapper.cfbundle; includeInIndex = 0; path = ModularTests.xctest; sourceTree = BUILT_PRODUCTS_DIR; };
		1A57E86828AF9BB500B0F75A /* ModularTests.swift */ = {isa = PBXFileReference; lastKnownFileType = sourcecode.swift; path = ModularTests.swift; sourceTree = "<group>"; };
		1A57E86E28AF9BB500B0F75A /* ModularUITests.xctest */ = {isa = PBXFileReference; explicitFileType = wrapper.cfbundle; includeInIndex = 0; path = ModularUITests.xctest; sourceTree = BUILT_PRODUCTS_DIR; };
		1A57E87228AF9BB500B0F75A /* ModularUITests.swift */ = {isa = PBXFileReference; lastKnownFileType = sourcecode.swift; path = ModularUITests.swift; sourceTree = "<group>"; };
		1A57E87428AF9BB500B0F75A /* ModularUITestsLaunchTests.swift */ = {isa = PBXFileReference; lastKnownFileType = sourcecode.swift; path = ModularUITestsLaunchTests.swift; sourceTree = "<group>"; };
		1A57E88128AF9BEC00B0F75A /* Utils.swift */ = {isa = PBXFileReference; fileEncoding = 4; lastKnownFileType = sourcecode.swift; path = Utils.swift; sourceTree = "<group>"; };
		1A57E88428AF9BF900B0F75A /* hikeData.json */ = {isa = PBXFileReference; fileEncoding = 4; lastKnownFileType = text.json; path = hikeData.json; sourceTree = "<group>"; };
		1A57E88528AF9BF900B0F75A /* landmarkData.json */ = {isa = PBXFileReference; fileEncoding = 4; lastKnownFileType = text.json; path = landmarkData.json; sourceTree = "<group>"; };
		1A57E88828AF9BF900B0F75A /* GraphCapsule.swift */ = {isa = PBXFileReference; fileEncoding = 4; lastKnownFileType = sourcecode.swift; path = GraphCapsule.swift; sourceTree = "<group>"; };
		1A57E88928AF9BF900B0F75A /* HikeGraph.swift */ = {isa = PBXFileReference; fileEncoding = 4; lastKnownFileType = sourcecode.swift; path = HikeGraph.swift; sourceTree = "<group>"; };
		1A57E88A28AF9BF900B0F75A /* HikeBadge.swift */ = {isa = PBXFileReference; fileEncoding = 4; lastKnownFileType = sourcecode.swift; path = HikeBadge.swift; sourceTree = "<group>"; };
		1A57E88B28AF9BF900B0F75A /* HikeDetail.swift */ = {isa = PBXFileReference; fileEncoding = 4; lastKnownFileType = sourcecode.swift; path = HikeDetail.swift; sourceTree = "<group>"; };
		1A57E88C28AF9BF900B0F75A /* Hike.swift */ = {isa = PBXFileReference; fileEncoding = 4; lastKnownFileType = sourcecode.swift; path = Hike.swift; sourceTree = "<group>"; };
		1A57E88D28AF9BF900B0F75A /* HikeView.swift */ = {isa = PBXFileReference; fileEncoding = 4; lastKnownFileType = sourcecode.swift; path = HikeView.swift; sourceTree = "<group>"; };
		1A57E88F28AF9BF900B0F75A /* FeatureCard.swift */ = {isa = PBXFileReference; fileEncoding = 4; lastKnownFileType = sourcecode.swift; path = FeatureCard.swift; sourceTree = "<group>"; };
		1A57E89028AF9BF900B0F75A /* PageControl.swift */ = {isa = PBXFileReference; fileEncoding = 4; lastKnownFileType = sourcecode.swift; path = PageControl.swift; sourceTree = "<group>"; };
		1A57E89128AF9BF900B0F75A /* PageViewController.swift */ = {isa = PBXFileReference; fileEncoding = 4; lastKnownFileType = sourcecode.swift; path = PageViewController.swift; sourceTree = "<group>"; };
		1A57E89228AF9BF900B0F75A /* PageView.swift */ = {isa = PBXFileReference; fileEncoding = 4; lastKnownFileType = sourcecode.swift; path = PageView.swift; sourceTree = "<group>"; };
		1A57E89428AF9BF900B0F75A /* LandmarkList.swift */ = {isa = PBXFileReference; fileEncoding = 4; lastKnownFileType = sourcecode.swift; path = LandmarkList.swift; sourceTree = "<group>"; };
		1A57E89528AF9BF900B0F75A /* LandmarkDetail.swift */ = {isa = PBXFileReference; fileEncoding = 4; lastKnownFileType = sourcecode.swift; path = LandmarkDetail.swift; sourceTree = "<group>"; };
		1A57E89628AF9BF900B0F75A /* LandmarkRow.swift */ = {isa = PBXFileReference; fileEncoding = 4; lastKnownFileType = sourcecode.swift; path = LandmarkRow.swift; sourceTree = "<group>"; };
		1A57E89828AF9BF900B0F75A /* ProfileSummary.swift */ = {isa = PBXFileReference; fileEncoding = 4; lastKnownFileType = sourcecode.swift; path = ProfileSummary.swift; sourceTree = "<group>"; };
		1A57E89928AF9BF900B0F75A /* Profile.swift */ = {isa = PBXFileReference; fileEncoding = 4; lastKnownFileType = sourcecode.swift; path = Profile.swift; sourceTree = "<group>"; };
		1A57E89A28AF9BF900B0F75A /* ProfileEditor.swift */ = {isa = PBXFileReference; fileEncoding = 4; lastKnownFileType = sourcecode.swift; path = ProfileEditor.swift; sourceTree = "<group>"; };
		1A57E89B28AF9BF900B0F75A /* ProfileHost.swift */ = {isa = PBXFileReference; fileEncoding = 4; lastKnownFileType = sourcecode.swift; path = ProfileHost.swift; sourceTree = "<group>"; };
		1A57E89D28AF9BF900B0F75A /* NoSeparatorList.swift */ = {isa = PBXFileReference; fileEncoding = 4; lastKnownFileType = sourcecode.swift; path = NoSeparatorList.swift; sourceTree = "<group>"; };
		1A57E89F28AF9BF900B0F75A /* CategoryItem.swift */ = {isa = PBXFileReference; fileEncoding = 4; lastKnownFileType = sourcecode.swift; path = CategoryItem.swift; sourceTree = "<group>"; };
		1A57E8A028AF9BF900B0F75A /* CategoryHome.swift */ = {isa = PBXFileReference; fileEncoding = 4; lastKnownFileType = sourcecode.swift; path = CategoryHome.swift; sourceTree = "<group>"; };
		1A57E8A128AF9BF900B0F75A /* CategoryRow.swift */ = {isa = PBXFileReference; fileEncoding = 4; lastKnownFileType = sourcecode.swift; path = CategoryRow.swift; sourceTree = "<group>"; };
		1A57E8A228AF9BF900B0F75A /* ContentView.swift */ = {isa = PBXFileReference; fileEncoding = 4; lastKnownFileType = sourcecode.swift; path = ContentView.swift; sourceTree = "<group>"; };
		1A57E8A428AF9BF900B0F75A /* MapView.swift */ = {isa = PBXFileReference; fileEncoding = 4; lastKnownFileType = sourcecode.swift; path = MapView.swift; sourceTree = "<group>"; };
		1A57E8A528AF9BF900B0F75A /* FavoriteButton.swift */ = {isa = PBXFileReference; fileEncoding = 4; lastKnownFileType = sourcecode.swift; path = FavoriteButton.swift; sourceTree = "<group>"; };
		1A57E8A628AF9BF900B0F75A /* CircleImageView.swift */ = {isa = PBXFileReference; fileEncoding = 4; lastKnownFileType = sourcecode.swift; path = CircleImageView.swift; sourceTree = "<group>"; };
		1A57E8A828AF9BF900B0F75A /* RotatedBadgeSymbol.swift */ = {isa = PBXFileReference; fileEncoding = 4; lastKnownFileType = sourcecode.swift; path = RotatedBadgeSymbol.swift; sourceTree = "<group>"; };
		1A57E8A928AF9BF900B0F75A /* HexagonParameters.swift */ = {isa = PBXFileReference; fileEncoding = 4; lastKnownFileType = sourcecode.swift; path = HexagonParameters.swift; sourceTree = "<group>"; };
		1A57E8AA28AF9BF900B0F75A /* BadgeSymbol.swift */ = {isa = PBXFileReference; fileEncoding = 4; lastKnownFileType = sourcecode.swift; path = BadgeSymbol.swift; sourceTree = "<group>"; };
		1A57E8AB28AF9BF900B0F75A /* BadgeBackground.swift */ = {isa = PBXFileReference; fileEncoding = 4; lastKnownFileType = sourcecode.swift; path = BadgeBackground.swift; sourceTree = "<group>"; };
		1A57E8AC28AF9BF900B0F75A /* Badge.swift */ = {isa = PBXFileReference; fileEncoding = 4; lastKnownFileType = sourcecode.swift; path = Badge.swift; sourceTree = "<group>"; };
		1A57E8AE28AF9BF900B0F75A /* ModelData.swift */ = {isa = PBXFileReference; fileEncoding = 4; lastKnownFileType = sourcecode.swift; path = ModelData.swift; sourceTree = "<group>"; };
		1A57E8AF28AF9BF900B0F75A /* Landmark.swift */ = {isa = PBXFileReference; fileEncoding = 4; lastKnownFileType = sourcecode.swift; path = Landmark.swift; sourceTree = "<group>"; };
		1AD62F2F28B34E3800140D72 /* WatchLandmarks.app */ = {isa = PBXFileReference; explicitFileType = wrapper.application; includeInIndex = 0; path = WatchLandmarks.app; sourceTree = BUILT_PRODUCTS_DIR; };
		1AD62F3128B34E3A00140D72 /* Assets.xcassets */ = {isa = PBXFileReference; lastKnownFileType = folder.assetcatalog; path = Assets.xcassets; sourceTree = "<group>"; };
		1AD62F3728B34E3A00140D72 /* WatchLandmarks WatchKit Extension.appex */ = {isa = PBXFileReference; explicitFileType = "wrapper.app-extension"; includeInIndex = 0; path = "WatchLandmarks WatchKit Extension.appex"; sourceTree = BUILT_PRODUCTS_DIR; };
		1AD62F3E28B34E3A00140D72 /* ContentView.swift */ = {isa = PBXFileReference; lastKnownFileType = sourcecode.swift; path = ContentView.swift; sourceTree = "<group>"; };
		1AD62F4028B34E3A00140D72 /* NotificationController.swift */ = {isa = PBXFileReference; lastKnownFileType = sourcecode.swift; path = NotificationController.swift; sourceTree = "<group>"; };
		1AD62F4228B34E3A00140D72 /* NotificationView.swift */ = {isa = PBXFileReference; lastKnownFileType = sourcecode.swift; path = NotificationView.swift; sourceTree = "<group>"; };
		1AD62F4428B34E3A00140D72 /* ComplicationController.swift */ = {isa = PBXFileReference; lastKnownFileType = sourcecode.swift; path = ComplicationController.swift; sourceTree = "<group>"; };
		1AD62F4628B34E3B00140D72 /* Assets.xcassets */ = {isa = PBXFileReference; lastKnownFileType = folder.assetcatalog; path = Assets.xcassets; sourceTree = "<group>"; };
		1AD62F4928B34E3B00140D72 /* Preview Assets.xcassets */ = {isa = PBXFileReference; lastKnownFileType = folder.assetcatalog; path = "Preview Assets.xcassets"; sourceTree = "<group>"; };
		1AD62F4B28B34E3C00140D72 /* Info.plist */ = {isa = PBXFileReference; lastKnownFileType = text.plist.xml; path = Info.plist; sourceTree = "<group>"; };
		1AD62F4C28B34E3C00140D72 /* PushNotificationPayload.apns */ = {isa = PBXFileReference; lastKnownFileType = text; path = PushNotificationPayload.apns; sourceTree = "<group>"; };
		1AD62F5128B34E3C00140D72 /* WatchLandmarksTests.xctest */ = {isa = PBXFileReference; explicitFileType = wrapper.cfbundle; includeInIndex = 0; path = WatchLandmarksTests.xctest; sourceTree = BUILT_PRODUCTS_DIR; };
		1AD62F5528B34E3C00140D72 /* WatchLandmarksTests.swift */ = {isa = PBXFileReference; lastKnownFileType = sourcecode.swift; path = WatchLandmarksTests.swift; sourceTree = "<group>"; };
		1AD62F5B28B34E3C00140D72 /* WatchLandmarksUITests.xctest */ = {isa = PBXFileReference; explicitFileType = wrapper.cfbundle; includeInIndex = 0; path = WatchLandmarksUITests.xctest; sourceTree = BUILT_PRODUCTS_DIR; };
		1AD62F5F28B34E3C00140D72 /* WatchLandmarksUITests.swift */ = {isa = PBXFileReference; lastKnownFileType = sourcecode.swift; path = WatchLandmarksUITests.swift; sourceTree = "<group>"; };
		1AD62F6128B34E3C00140D72 /* WatchLandmarksUITestsLaunchTests.swift */ = {isa = PBXFileReference; lastKnownFileType = sourcecode.swift; path = WatchLandmarksUITestsLaunchTests.swift; sourceTree = "<group>"; };
		1AD62F8028B351BD00140D72 /* LandmarkDetail.swift */ = {isa = PBXFileReference; lastKnownFileType = sourcecode.swift; path = LandmarkDetail.swift; sourceTree = "<group>"; };
/* End PBXFileReference section */

/* Begin PBXFrameworksBuildPhase section */
		1A57E85128AF9BB200B0F75A /* Frameworks */ = {
			isa = PBXFrameworksBuildPhase;
			buildActionMask = 2147483647;
			files = (
			);
			runOnlyForDeploymentPostprocessing = 0;
		};
		1A57E86128AF9BB500B0F75A /* Frameworks */ = {
			isa = PBXFrameworksBuildPhase;
			buildActionMask = 2147483647;
			files = (
			);
			runOnlyForDeploymentPostprocessing = 0;
		};
		1A57E86B28AF9BB500B0F75A /* Frameworks */ = {
			isa = PBXFrameworksBuildPhase;
			buildActionMask = 2147483647;
			files = (
			);
			runOnlyForDeploymentPostprocessing = 0;
		};
		1AD62F3428B34E3A00140D72 /* Frameworks */ = {
			isa = PBXFrameworksBuildPhase;
			buildActionMask = 2147483647;
			files = (
			);
			runOnlyForDeploymentPostprocessing = 0;
		};
		1AD62F4E28B34E3C00140D72 /* Frameworks */ = {
			isa = PBXFrameworksBuildPhase;
			buildActionMask = 2147483647;
			files = (
			);
			runOnlyForDeploymentPostprocessing = 0;
		};
		1AD62F5828B34E3C00140D72 /* Frameworks */ = {
			isa = PBXFrameworksBuildPhase;
			buildActionMask = 2147483647;
			files = (
			);
			runOnlyForDeploymentPostprocessing = 0;
		};
/* End PBXFrameworksBuildPhase section */

/* Begin PBXGroup section */
		1A57E84B28AF9BB200B0F75A = {
			isa = PBXGroup;
			children = (
				1A57E85628AF9BB200B0F75A /* Modular */,
				1A57E86728AF9BB500B0F75A /* ModularTests */,
				1A57E87128AF9BB500B0F75A /* ModularUITests */,
				1AD62F3028B34E3800140D72 /* WatchLandmarks */,
				1AD62F3B28B34E3A00140D72 /* WatchLandmarks WatchKit Extension */,
				1AD62F5428B34E3C00140D72 /* WatchLandmarksTests */,
				1AD62F5E28B34E3C00140D72 /* WatchLandmarksUITests */,
				1A57E85528AF9BB200B0F75A /* Products */,
			);
			sourceTree = "<group>";
		};
		1A57E85528AF9BB200B0F75A /* Products */ = {
			isa = PBXGroup;
			children = (
				1A57E85428AF9BB200B0F75A /* Modular.app */,
				1A57E86428AF9BB500B0F75A /* ModularTests.xctest */,
				1A57E86E28AF9BB500B0F75A /* ModularUITests.xctest */,
				1AD62F2F28B34E3800140D72 /* WatchLandmarks.app */,
				1AD62F3728B34E3A00140D72 /* WatchLandmarks WatchKit Extension.appex */,
				1AD62F5128B34E3C00140D72 /* WatchLandmarksTests.xctest */,
				1AD62F5B28B34E3C00140D72 /* WatchLandmarksUITests.xctest */,
			);
			name = Products;
			sourceTree = "<group>";
		};
		1A57E85628AF9BB200B0F75A /* Modular */ = {
			isa = PBXGroup;
			children = (
				1A57E85728AF9BB200B0F75A /* ModularApp.swift */,
				1A57E8D228AF9CEF00B0F75A /* Utils */,
				1A57E8AD28AF9BF900B0F75A /* Models */,
				1A57E88328AF9BF900B0F75A /* Resources */,
				1A57E88628AF9BF900B0F75A /* Views */,
				1A57E85B28AF9BB400B0F75A /* Assets.xcassets */,
				1A57E85D28AF9BB400B0F75A /* Preview Content */,
			);
			path = Modular;
			sourceTree = "<group>";
		};
		1A57E85D28AF9BB400B0F75A /* Preview Content */ = {
			isa = PBXGroup;
			children = (
				1A57E85E28AF9BB400B0F75A /* Preview Assets.xcassets */,
			);
			path = "Preview Content";
			sourceTree = "<group>";
		};
		1A57E86728AF9BB500B0F75A /* ModularTests */ = {
			isa = PBXGroup;
			children = (
				1A57E86828AF9BB500B0F75A /* ModularTests.swift */,
			);
			path = ModularTests;
			sourceTree = "<group>";
		};
		1A57E87128AF9BB500B0F75A /* ModularUITests */ = {
			isa = PBXGroup;
			children = (
				1A57E87228AF9BB500B0F75A /* ModularUITests.swift */,
				1A57E87428AF9BB500B0F75A /* ModularUITestsLaunchTests.swift */,
			);
			path = ModularUITests;
			sourceTree = "<group>";
		};
		1A57E88328AF9BF900B0F75A /* Resources */ = {
			isa = PBXGroup;
			children = (
				1A57E88428AF9BF900B0F75A /* hikeData.json */,
				1A57E88528AF9BF900B0F75A /* landmarkData.json */,
			);
			path = Resources;
			sourceTree = "<group>";
		};
		1A57E88628AF9BF900B0F75A /* Views */ = {
			isa = PBXGroup;
			children = (
				1A57E88728AF9BF900B0F75A /* Hikes */,
				1A57E88E28AF9BF900B0F75A /* PageView */,
				1A57E89328AF9BF900B0F75A /* Landmarks */,
				1A57E89728AF9BF900B0F75A /* Profile */,
				1A57E89C28AF9BF900B0F75A /* Custom */,
				1A57E89E28AF9BF900B0F75A /* Categories */,
				1A57E8A228AF9BF900B0F75A /* ContentView.swift */,
				1A57E8A328AF9BF900B0F75A /* Helpers */,
				1A57E8A728AF9BF900B0F75A /* Badges */,
			);
			path = Views;
			sourceTree = "<group>";
		};
		1A57E88728AF9BF900B0F75A /* Hikes */ = {
			isa = PBXGroup;
			children = (
				1A57E88828AF9BF900B0F75A /* GraphCapsule.swift */,
				1A57E88928AF9BF900B0F75A /* HikeGraph.swift */,
				1A57E88A28AF9BF900B0F75A /* HikeBadge.swift */,
				1A57E88B28AF9BF900B0F75A /* HikeDetail.swift */,
				1A57E88C28AF9BF900B0F75A /* Hike.swift */,
				1A57E88D28AF9BF900B0F75A /* HikeView.swift */,
			);
			path = Hikes;
			sourceTree = "<group>";
		};
		1A57E88E28AF9BF900B0F75A /* PageView */ = {
			isa = PBXGroup;
			children = (
				1A57E88F28AF9BF900B0F75A /* FeatureCard.swift */,
				1A57E89028AF9BF900B0F75A /* PageControl.swift */,
				1A57E89128AF9BF900B0F75A /* PageViewController.swift */,
				1A57E89228AF9BF900B0F75A /* PageView.swift */,
			);
			path = PageView;
			sourceTree = "<group>";
		};
		1A57E89328AF9BF900B0F75A /* Landmarks */ = {
			isa = PBXGroup;
			children = (
				1A57E89428AF9BF900B0F75A /* LandmarkList.swift */,
				1A57E89528AF9BF900B0F75A /* LandmarkDetail.swift */,
				1A57E89628AF9BF900B0F75A /* LandmarkRow.swift */,
			);
			path = Landmarks;
			sourceTree = "<group>";
		};
		1A57E89728AF9BF900B0F75A /* Profile */ = {
			isa = PBXGroup;
			children = (
				1A57E89828AF9BF900B0F75A /* ProfileSummary.swift */,
				1A57E89928AF9BF900B0F75A /* Profile.swift */,
				1A57E89A28AF9BF900B0F75A /* ProfileEditor.swift */,
				1A57E89B28AF9BF900B0F75A /* ProfileHost.swift */,
			);
			path = Profile;
			sourceTree = "<group>";
		};
		1A57E89C28AF9BF900B0F75A /* Custom */ = {
			isa = PBXGroup;
			children = (
				1A57E89D28AF9BF900B0F75A /* NoSeparatorList.swift */,
			);
			path = Custom;
			sourceTree = "<group>";
		};
		1A57E89E28AF9BF900B0F75A /* Categories */ = {
			isa = PBXGroup;
			children = (
				1A57E89F28AF9BF900B0F75A /* CategoryItem.swift */,
				1A57E8A028AF9BF900B0F75A /* CategoryHome.swift */,
				1A57E8A128AF9BF900B0F75A /* CategoryRow.swift */,
			);
			path = Categories;
			sourceTree = "<group>";
		};
		1A57E8A328AF9BF900B0F75A /* Helpers */ = {
			isa = PBXGroup;
			children = (
				1A57E8A428AF9BF900B0F75A /* MapView.swift */,
				1A57E8A528AF9BF900B0F75A /* FavoriteButton.swift */,
				1A57E8A628AF9BF900B0F75A /* CircleImageView.swift */,
			);
			path = Helpers;
			sourceTree = "<group>";
		};
		1A57E8A728AF9BF900B0F75A /* Badges */ = {
			isa = PBXGroup;
			children = (
				1A57E8A828AF9BF900B0F75A /* RotatedBadgeSymbol.swift */,
				1A57E8A928AF9BF900B0F75A /* HexagonParameters.swift */,
				1A57E8AA28AF9BF900B0F75A /* BadgeSymbol.swift */,
				1A57E8AB28AF9BF900B0F75A /* BadgeBackground.swift */,
				1A57E8AC28AF9BF900B0F75A /* Badge.swift */,
			);
			path = Badges;
			sourceTree = "<group>";
		};
		1A57E8AD28AF9BF900B0F75A /* Models */ = {
			isa = PBXGroup;
			children = (
				1A57E8AE28AF9BF900B0F75A /* ModelData.swift */,
				1A57E8AF28AF9BF900B0F75A /* Landmark.swift */,
			);
			path = Models;
			sourceTree = "<group>";
		};
		1A57E8D228AF9CEF00B0F75A /* Utils */ = {
			isa = PBXGroup;
			children = (
				1A57E88128AF9BEC00B0F75A /* Utils.swift */,
			);
			path = Utils;
			sourceTree = "<group>";
		};
		1AD62F3028B34E3800140D72 /* WatchLandmarks */ = {
			isa = PBXGroup;
			children = (
				1AD62F3128B34E3A00140D72 /* Assets.xcassets */,
			);
			path = WatchLandmarks;
			sourceTree = "<group>";
		};
		1AD62F3B28B34E3A00140D72 /* WatchLandmarks WatchKit Extension */ = {
			isa = PBXGroup;
			children = (
				1AD62F3E28B34E3A00140D72 /* ContentView.swift */,
				1AD62F4028B34E3A00140D72 /* NotificationController.swift */,
				1AD62F4228B34E3A00140D72 /* NotificationView.swift */,
				1AD62F4428B34E3A00140D72 /* ComplicationController.swift */,
				1AD62F8028B351BD00140D72 /* LandmarkDetail.swift */,
				1AD62F4628B34E3B00140D72 /* Assets.xcassets */,
				1AD62F4B28B34E3C00140D72 /* Info.plist */,
				1AD62F4C28B34E3C00140D72 /* PushNotificationPayload.apns */,
				1AD62F4828B34E3B00140D72 /* Preview Content */,
			);
			path = "WatchLandmarks WatchKit Extension";
			sourceTree = "<group>";
		};
		1AD62F4828B34E3B00140D72 /* Preview Content */ = {
			isa = PBXGroup;
			children = (
				1AD62F4928B34E3B00140D72 /* Preview Assets.xcassets */,
			);
			path = "Preview Content";
			sourceTree = "<group>";
		};
		1AD62F5428B34E3C00140D72 /* WatchLandmarksTests */ = {
			isa = PBXGroup;
			children = (
				1AD62F5528B34E3C00140D72 /* WatchLandmarksTests.swift */,
			);
			path = WatchLandmarksTests;
			sourceTree = "<group>";
		};
		1AD62F5E28B34E3C00140D72 /* WatchLandmarksUITests */ = {
			isa = PBXGroup;
			children = (
				1AD62F5F28B34E3C00140D72 /* WatchLandmarksUITests.swift */,
				1AD62F6128B34E3C00140D72 /* WatchLandmarksUITestsLaunchTests.swift */,
			);
			path = WatchLandmarksUITests;
			sourceTree = "<group>";
		};
/* End PBXGroup section */

/* Begin PBXNativeTarget section */
		1A57E85328AF9BB200B0F75A /* Modular */ = {
			isa = PBXNativeTarget;
			buildConfigurationList = 1A57E87828AF9BB500B0F75A /* Build configuration list for PBXNativeTarget "Modular" */;
			buildPhases = (
				1A57E85028AF9BB200B0F75A /* Sources */,
				1A57E85128AF9BB200B0F75A /* Frameworks */,
				1A57E85228AF9BB200B0F75A /* Resources */,
				1AD62F6628B34E3C00140D72 /* Embed Watch Content */,
			);
			buildRules = (
			);
			dependencies = (
				1AD62F6428B34E3C00140D72 /* PBXTargetDependency */,
			);
			name = Modular;
			productName = Modular;
			productReference = 1A57E85428AF9BB200B0F75A /* Modular.app */;
			productType = "com.apple.product-type.application";
		};
		1A57E86328AF9BB500B0F75A /* ModularTests */ = {
			isa = PBXNativeTarget;
			buildConfigurationList = 1A57E87B28AF9BB500B0F75A /* Build configuration list for PBXNativeTarget "ModularTests" */;
			buildPhases = (
				1A57E86028AF9BB500B0F75A /* Sources */,
				1A57E86128AF9BB500B0F75A /* Frameworks */,
				1A57E86228AF9BB500B0F75A /* Resources */,
			);
			buildRules = (
			);
			dependencies = (
				1A57E86628AF9BB500B0F75A /* PBXTargetDependency */,
			);
			name = ModularTests;
			productName = ModularTests;
			productReference = 1A57E86428AF9BB500B0F75A /* ModularTests.xctest */;
			productType = "com.apple.product-type.bundle.unit-test";
		};
		1A57E86D28AF9BB500B0F75A /* ModularUITests */ = {
			isa = PBXNativeTarget;
			buildConfigurationList = 1A57E87E28AF9BB500B0F75A /* Build configuration list for PBXNativeTarget "ModularUITests" */;
			buildPhases = (
				1A57E86A28AF9BB500B0F75A /* Sources */,
				1A57E86B28AF9BB500B0F75A /* Frameworks */,
				1A57E86C28AF9BB500B0F75A /* Resources */,
			);
			buildRules = (
			);
			dependencies = (
				1A57E87028AF9BB500B0F75A /* PBXTargetDependency */,
			);
			name = ModularUITests;
			productName = ModularUITests;
			productReference = 1A57E86E28AF9BB500B0F75A /* ModularUITests.xctest */;
			productType = "com.apple.product-type.bundle.ui-testing";
		};
		1AD62F2E28B34E3800140D72 /* WatchLandmarks */ = {
			isa = PBXNativeTarget;
			buildConfigurationList = 1AD62F7128B34E3C00140D72 /* Build configuration list for PBXNativeTarget "WatchLandmarks" */;
			buildPhases = (
				1AD62F2D28B34E3800140D72 /* Resources */,
				1AD62F6928B34E3C00140D72 /* Embed App Extensions */,
			);
			buildRules = (
			);
			dependencies = (
				1AD62F3A28B34E3A00140D72 /* PBXTargetDependency */,
			);
			name = WatchLandmarks;
			productName = WatchLandmarks;
			productReference = 1AD62F2F28B34E3800140D72 /* WatchLandmarks.app */;
			productType = "com.apple.product-type.application.watchapp2";
		};
		1AD62F3628B34E3A00140D72 /* WatchLandmarks WatchKit Extension */ = {
			isa = PBXNativeTarget;
			buildConfigurationList = 1AD62F7028B34E3C00140D72 /* Build configuration list for PBXNativeTarget "WatchLandmarks WatchKit Extension" */;
			buildPhases = (
				1AD62F3328B34E3A00140D72 /* Sources */,
				1AD62F3428B34E3A00140D72 /* Frameworks */,
				1AD62F3528B34E3A00140D72 /* Resources */,
			);
			buildRules = (
			);
			dependencies = (
			);
			name = "WatchLandmarks WatchKit Extension";
			productName = "WatchLandmarks WatchKit Extension";
			productReference = 1AD62F3728B34E3A00140D72 /* WatchLandmarks WatchKit Extension.appex */;
			productType = "com.apple.product-type.watchkit2-extension";
		};
		1AD62F5028B34E3C00140D72 /* WatchLandmarksTests */ = {
			isa = PBXNativeTarget;
			buildConfigurationList = 1AD62F7228B34E3C00140D72 /* Build configuration list for PBXNativeTarget "WatchLandmarksTests" */;
			buildPhases = (
				1AD62F4D28B34E3C00140D72 /* Sources */,
				1AD62F4E28B34E3C00140D72 /* Frameworks */,
				1AD62F4F28B34E3C00140D72 /* Resources */,
			);
			buildRules = (
			);
			dependencies = (
				1AD62F5328B34E3C00140D72 /* PBXTargetDependency */,
			);
			name = WatchLandmarksTests;
			productName = WatchLandmarksTests;
			productReference = 1AD62F5128B34E3C00140D72 /* WatchLandmarksTests.xctest */;
			productType = "com.apple.product-type.bundle.unit-test";
		};
		1AD62F5A28B34E3C00140D72 /* WatchLandmarksUITests */ = {
			isa = PBXNativeTarget;
			buildConfigurationList = 1AD62F7328B34E3C00140D72 /* Build configuration list for PBXNativeTarget "WatchLandmarksUITests" */;
			buildPhases = (
				1AD62F5728B34E3C00140D72 /* Sources */,
				1AD62F5828B34E3C00140D72 /* Frameworks */,
				1AD62F5928B34E3C00140D72 /* Resources */,
			);
			buildRules = (
			);
			dependencies = (
				1AD62F5D28B34E3C00140D72 /* PBXTargetDependency */,
			);
			name = WatchLandmarksUITests;
			productName = WatchLandmarksUITests;
			productReference = 1AD62F5B28B34E3C00140D72 /* WatchLandmarksUITests.xctest */;
			productType = "com.apple.product-type.bundle.ui-testing";
		};
/* End PBXNativeTarget section */

/* Begin PBXProject section */
		1A57E84C28AF9BB200B0F75A /* Project object */ = {
			isa = PBXProject;
			attributes = {
				BuildIndependentTargetsInParallel = 1;
				LastSwiftUpdateCheck = 1340;
				LastUpgradeCheck = 1330;
				TargetAttributes = {
					1A57E85328AF9BB200B0F75A = {
						CreatedOnToolsVersion = 13.3;
					};
					1A57E86328AF9BB500B0F75A = {
						CreatedOnToolsVersion = 13.3;
						TestTargetID = 1A57E85328AF9BB200B0F75A;
					};
					1A57E86D28AF9BB500B0F75A = {
						CreatedOnToolsVersion = 13.3;
						TestTargetID = 1A57E85328AF9BB200B0F75A;
					};
					1AD62F2E28B34E3800140D72 = {
						CreatedOnToolsVersion = 13.4.1;
					};
					1AD62F3628B34E3A00140D72 = {
						CreatedOnToolsVersion = 13.4.1;
					};
					1AD62F5028B34E3C00140D72 = {
						CreatedOnToolsVersion = 13.4.1;
						TestTargetID = 1AD62F3628B34E3A00140D72;
					};
					1AD62F5A28B34E3C00140D72 = {
						CreatedOnToolsVersion = 13.4.1;
						TestTargetID = 1AD62F2E28B34E3800140D72;
					};
				};
			};
			buildConfigurationList = 1A57E84F28AF9BB200B0F75A /* Build configuration list for PBXProject "Modular" */;
			compatibilityVersion = "Xcode 13.0";
			developmentRegion = en;
			hasScannedForEncodings = 0;
			knownRegions = (
				en,
				Base,
			);
			mainGroup = 1A57E84B28AF9BB200B0F75A;
			productRefGroup = 1A57E85528AF9BB200B0F75A /* Products */;
			projectDirPath = "";
			projectRoot = "";
			targets = (
				1A57E85328AF9BB200B0F75A /* Modular */,
				1A57E86328AF9BB500B0F75A /* ModularTests */,
				1A57E86D28AF9BB500B0F75A /* ModularUITests */,
				1AD62F2E28B34E3800140D72 /* WatchLandmarks */,
				1AD62F3628B34E3A00140D72 /* WatchLandmarks WatchKit Extension */,
				1AD62F5028B34E3C00140D72 /* WatchLandmarksTests */,
				1AD62F5A28B34E3C00140D72 /* WatchLandmarksUITests */,
			);
		};
/* End PBXProject section */

/* Begin PBXResourcesBuildPhase section */
		1A57E85228AF9BB200B0F75A /* Resources */ = {
			isa = PBXResourcesBuildPhase;
			buildActionMask = 2147483647;
			files = (
				1A57E85F28AF9BB400B0F75A /* Preview Assets.xcassets in Resources */,
				1A57E8B128AF9BF900B0F75A /* landmarkData.json in Resources */,
				1A57E8B028AF9BF900B0F75A /* hikeData.json in Resources */,
				1A57E85C28AF9BB400B0F75A /* Assets.xcassets in Resources */,
			);
			runOnlyForDeploymentPostprocessing = 0;
		};
		1A57E86228AF9BB500B0F75A /* Resources */ = {
			isa = PBXResourcesBuildPhase;
			buildActionMask = 2147483647;
			files = (
			);
			runOnlyForDeploymentPostprocessing = 0;
		};
		1A57E86C28AF9BB500B0F75A /* Resources */ = {
			isa = PBXResourcesBuildPhase;
			buildActionMask = 2147483647;
			files = (
			);
			runOnlyForDeploymentPostprocessing = 0;
		};
		1AD62F2D28B34E3800140D72 /* Resources */ = {
			isa = PBXResourcesBuildPhase;
			buildActionMask = 2147483647;
			files = (
				1AD62F3228B34E3A00140D72 /* Assets.xcassets in Resources */,
			);
			runOnlyForDeploymentPostprocessing = 0;
		};
		1AD62F3528B34E3A00140D72 /* Resources */ = {
			isa = PBXResourcesBuildPhase;
			buildActionMask = 2147483647;
			files = (
				1AD62F4A28B34E3C00140D72 /* Preview Assets.xcassets in Resources */,
				1AD62F7728B34FAD00140D72 /* landmarkData.json in Resources */,
				1AD62F7528B34FAD00140D72 /* Assets.xcassets in Resources */,
				1AD62F4728B34E3B00140D72 /* Assets.xcassets in Resources */,
				1AD62F7828B34FAD00140D72 /* hikeData.json in Resources */,
			);
			runOnlyForDeploymentPostprocessing = 0;
		};
		1AD62F4F28B34E3C00140D72 /* Resources */ = {
			isa = PBXResourcesBuildPhase;
			buildActionMask = 2147483647;
			files = (
			);
			runOnlyForDeploymentPostprocessing = 0;
		};
		1AD62F5928B34E3C00140D72 /* Resources */ = {
			isa = PBXResourcesBuildPhase;
			buildActionMask = 2147483647;
			files = (
			);
			runOnlyForDeploymentPostprocessing = 0;
		};
/* End PBXResourcesBuildPhase section */

/* Begin PBXSourcesBuildPhase section */
		1A57E85028AF9BB200B0F75A /* Sources */ = {
			isa = PBXSourcesBuildPhase;
			buildActionMask = 2147483647;
			files = (
				1A57E8CC28AF9BF900B0F75A /* HexagonParameters.swift in Sources */,
				1A57E8CB28AF9BF900B0F75A /* RotatedBadgeSymbol.swift in Sources */,
				1A57E8B228AF9BF900B0F75A /* GraphCapsule.swift in Sources */,
				1A57E8CE28AF9BF900B0F75A /* BadgeBackground.swift in Sources */,
				1A57E8C728AF9BF900B0F75A /* ContentView.swift in Sources */,
				1A57E85828AF9BB200B0F75A /* ModularApp.swift in Sources */,
				1A57E8C228AF9BF900B0F75A /* ProfileHost.swift in Sources */,
				1A57E8BC28AF9BF900B0F75A /* LandmarkList.swift in Sources */,
				1A57E8BA28AF9BF900B0F75A /* PageViewController.swift in Sources */,
				1A57E8BB28AF9BF900B0F75A /* PageView.swift in Sources */,
				1A57E8B328AF9BF900B0F75A /* HikeGraph.swift in Sources */,
				1A57E8C128AF9BF900B0F75A /* ProfileEditor.swift in Sources */,
				1A57E8CF28AF9BF900B0F75A /* Badge.swift in Sources */,
				1A57E8D128AF9BF900B0F75A /* Landmark.swift in Sources */,
				1A57E8C028AF9BF900B0F75A /* Profile.swift in Sources */,
				1A57E8C628AF9BF900B0F75A /* CategoryRow.swift in Sources */,
				1A57E8B828AF9BF900B0F75A /* FeatureCard.swift in Sources */,
				1A57E8D028AF9BF900B0F75A /* ModelData.swift in Sources */,
				1A57E8B728AF9BF900B0F75A /* HikeView.swift in Sources */,
				1A57E8B528AF9BF900B0F75A /* HikeDetail.swift in Sources */,
				1A57E8B428AF9BF900B0F75A /* HikeBadge.swift in Sources */,
				1A57E8CA28AF9BF900B0F75A /* CircleImageView.swift in Sources */,
				1A57E8B928AF9BF900B0F75A /* PageControl.swift in Sources */,
				1A57E8C828AF9BF900B0F75A /* MapView.swift in Sources */,
				1A57E8BF28AF9BF900B0F75A /* ProfileSummary.swift in Sources */,
				1A57E8B628AF9BF900B0F75A /* Hike.swift in Sources */,
				1A57E8BD28AF9BF900B0F75A /* LandmarkDetail.swift in Sources */,
				1A57E8C928AF9BF900B0F75A /* FavoriteButton.swift in Sources */,
				1A57E8C328AF9BF900B0F75A /* NoSeparatorList.swift in Sources */,
				1A57E8BE28AF9BF900B0F75A /* LandmarkRow.swift in Sources */,
				1A57E8C428AF9BF900B0F75A /* CategoryItem.swift in Sources */,
				1A57E8CD28AF9BF900B0F75A /* BadgeSymbol.swift in Sources */,
				1A57E8C528AF9BF900B0F75A /* CategoryHome.swift in Sources */,
				1A57E88228AF9BEC00B0F75A /* Utils.swift in Sources */,
			);
			runOnlyForDeploymentPostprocessing = 0;
		};
		1A57E86028AF9BB500B0F75A /* Sources */ = {
			isa = PBXSourcesBuildPhase;
			buildActionMask = 2147483647;
			files = (
				1A57E86928AF9BB500B0F75A /* ModularTests.swift in Sources */,
			);
			runOnlyForDeploymentPostprocessing = 0;
		};
		1A57E86A28AF9BB500B0F75A /* Sources */ = {
			isa = PBXSourcesBuildPhase;
			buildActionMask = 2147483647;
			files = (
				1A57E87328AF9BB500B0F75A /* ModularUITests.swift in Sources */,
				1A57E87528AF9BB500B0F75A /* ModularUITestsLaunchTests.swift in Sources */,
			);
			runOnlyForDeploymentPostprocessing = 0;
		};
		1AD62F3328B34E3A00140D72 /* Sources */ = {
			isa = PBXSourcesBuildPhase;
			buildActionMask = 2147483647;
			files = (
				1AD62F4128B34E3A00140D72 /* NotificationController.swift in Sources */,
				1AD62F7E28B34FAD00140D72 /* MapView.swift in Sources */,
				1AD62F7428B34FAD00140D72 /* Profile.swift in Sources */,
				1AD62F7B28B34FAD00140D72 /* ModelData.swift in Sources */,
				1AD62F3F28B34E3A00140D72 /* ContentView.swift in Sources */,
				1AD62F8228B3573D00140D72 /* Utils.swift in Sources */,
				1AD62F7A28B34FAD00140D72 /* LandmarkList.swift in Sources */,
				1AD62F8128B351BD00140D72 /* LandmarkDetail.swift in Sources */,
				1AD62F7F28B34FAD00140D72 /* CircleImageView.swift in Sources */,
				1AD62F7928B34FAD00140D72 /* Hike.swift in Sources */,
				1AD62F4528B34E3A00140D72 /* ComplicationController.swift in Sources */,
				1AD62F7D28B34FAD00140D72 /* ModularApp.swift in Sources */,
				1AD62F4328B34E3A00140D72 /* NotificationView.swift in Sources */,
				1AD62F7C28B34FAD00140D72 /* LandmarkRow.swift in Sources */,
				1AD62F7628B34FAD00140D72 /* Landmark.swift in Sources */,
			);
			runOnlyForDeploymentPostprocessing = 0;
		};
		1AD62F4D28B34E3C00140D72 /* Sources */ = {
			isa = PBXSourcesBuildPhase;
			buildActionMask = 2147483647;
			files = (
				1AD62F5628B34E3C00140D72 /* WatchLandmarksTests.swift in Sources */,
			);
			runOnlyForDeploymentPostprocessing = 0;
		};
		1AD62F5728B34E3C00140D72 /* Sources */ = {
			isa = PBXSourcesBuildPhase;
			buildActionMask = 2147483647;
			files = (
				1AD62F6228B34E3C00140D72 /* WatchLandmarksUITestsLaunchTests.swift in Sources */,
				1AD62F6028B34E3C00140D72 /* WatchLandmarksUITests.swift in Sources */,
			);
			runOnlyForDeploymentPostprocessing = 0;
		};
/* End PBXSourcesBuildPhase section */

/* Begin PBXTargetDependency section */
		1A57E86628AF9BB500B0F75A /* PBXTargetDependency */ = {
			isa = PBXTargetDependency;
			target = 1A57E85328AF9BB200B0F75A /* Modular */;
			targetProxy = 1A57E86528AF9BB500B0F75A /* PBXContainerItemProxy */;
		};
		1A57E87028AF9BB500B0F75A /* PBXTargetDependency */ = {
			isa = PBXTargetDependency;
			target = 1A57E85328AF9BB200B0F75A /* Modular */;
			targetProxy = 1A57E86F28AF9BB500B0F75A /* PBXContainerItemProxy */;
		};
		1AD62F3A28B34E3A00140D72 /* PBXTargetDependency */ = {
			isa = PBXTargetDependency;
			target = 1AD62F3628B34E3A00140D72 /* WatchLandmarks WatchKit Extension */;
			targetProxy = 1AD62F3928B34E3A00140D72 /* PBXContainerItemProxy */;
		};
		1AD62F5328B34E3C00140D72 /* PBXTargetDependency */ = {
			isa = PBXTargetDependency;
			target = 1AD62F3628B34E3A00140D72 /* WatchLandmarks WatchKit Extension */;
			targetProxy = 1AD62F5228B34E3C00140D72 /* PBXContainerItemProxy */;
		};
		1AD62F5D28B34E3C00140D72 /* PBXTargetDependency */ = {
			isa = PBXTargetDependency;
			target = 1AD62F2E28B34E3800140D72 /* WatchLandmarks */;
			targetProxy = 1AD62F5C28B34E3C00140D72 /* PBXContainerItemProxy */;
		};
		1AD62F6428B34E3C00140D72 /* PBXTargetDependency */ = {
			isa = PBXTargetDependency;
			target = 1AD62F2E28B34E3800140D72 /* WatchLandmarks */;
			targetProxy = 1AD62F6328B34E3C00140D72 /* PBXContainerItemProxy */;
		};
/* End PBXTargetDependency section */

/* Begin XCBuildConfiguration section */
		1A57E87628AF9BB500B0F75A /* Debug */ = {
			isa = XCBuildConfiguration;
			buildSettings = {
				ALWAYS_SEARCH_USER_PATHS = NO;
				CLANG_ANALYZER_NONNULL = YES;
				CLANG_ANALYZER_NUMBER_OBJECT_CONVERSION = YES_AGGRESSIVE;
				CLANG_CXX_LANGUAGE_STANDARD = "gnu++17";
				CLANG_ENABLE_MODULES = YES;
				CLANG_ENABLE_OBJC_ARC = YES;
				CLANG_ENABLE_OBJC_WEAK = YES;
				CLANG_WARN_BLOCK_CAPTURE_AUTORELEASING = YES;
				CLANG_WARN_BOOL_CONVERSION = YES;
				CLANG_WARN_COMMA = YES;
				CLANG_WARN_CONSTANT_CONVERSION = YES;
				CLANG_WARN_DEPRECATED_OBJC_IMPLEMENTATIONS = YES;
				CLANG_WARN_DIRECT_OBJC_ISA_USAGE = YES_ERROR;
				CLANG_WARN_DOCUMENTATION_COMMENTS = YES;
				CLANG_WARN_EMPTY_BODY = YES;
				CLANG_WARN_ENUM_CONVERSION = YES;
				CLANG_WARN_INFINITE_RECURSION = YES;
				CLANG_WARN_INT_CONVERSION = YES;
				CLANG_WARN_NON_LITERAL_NULL_CONVERSION = YES;
				CLANG_WARN_OBJC_IMPLICIT_RETAIN_SELF = YES;
				CLANG_WARN_OBJC_LITERAL_CONVERSION = YES;
				CLANG_WARN_OBJC_ROOT_CLASS = YES_ERROR;
				CLANG_WARN_QUOTED_INCLUDE_IN_FRAMEWORK_HEADER = YES;
				CLANG_WARN_RANGE_LOOP_ANALYSIS = YES;
				CLANG_WARN_STRICT_PROTOTYPES = YES;
				CLANG_WARN_SUSPICIOUS_MOVE = YES;
				CLANG_WARN_UNGUARDED_AVAILABILITY = YES_AGGRESSIVE;
				CLANG_WARN_UNREACHABLE_CODE = YES;
				CLANG_WARN__DUPLICATE_METHOD_MATCH = YES;
				COPY_PHASE_STRIP = NO;
				DEBUG_INFORMATION_FORMAT = dwarf;
				ENABLE_STRICT_OBJC_MSGSEND = YES;
				ENABLE_TESTABILITY = YES;
				GCC_C_LANGUAGE_STANDARD = gnu11;
				GCC_DYNAMIC_NO_PIC = NO;
				GCC_NO_COMMON_BLOCKS = YES;
				GCC_OPTIMIZATION_LEVEL = 0;
				GCC_PREPROCESSOR_DEFINITIONS = (
					"DEBUG=1",
					"$(inherited)",
				);
				GCC_WARN_64_TO_32_BIT_CONVERSION = YES;
				GCC_WARN_ABOUT_RETURN_TYPE = YES_ERROR;
				GCC_WARN_UNDECLARED_SELECTOR = YES;
				GCC_WARN_UNINITIALIZED_AUTOS = YES_AGGRESSIVE;
				GCC_WARN_UNUSED_FUNCTION = YES;
				GCC_WARN_UNUSED_VARIABLE = YES;
				IPHONEOS_DEPLOYMENT_TARGET = 15.4;
				MTL_ENABLE_DEBUG_INFO = INCLUDE_SOURCE;
				MTL_FAST_MATH = YES;
				ONLY_ACTIVE_ARCH = YES;
				SDKROOT = iphoneos;
				SWIFT_ACTIVE_COMPILATION_CONDITIONS = DEBUG;
				SWIFT_OPTIMIZATION_LEVEL = "-Onone";
			};
			name = Debug;
		};
		1A57E87728AF9BB500B0F75A /* Release */ = {
			isa = XCBuildConfiguration;
			buildSettings = {
				ALWAYS_SEARCH_USER_PATHS = NO;
				CLANG_ANALYZER_NONNULL = YES;
				CLANG_ANALYZER_NUMBER_OBJECT_CONVERSION = YES_AGGRESSIVE;
				CLANG_CXX_LANGUAGE_STANDARD = "gnu++17";
				CLANG_ENABLE_MODULES = YES;
				CLANG_ENABLE_OBJC_ARC = YES;
				CLANG_ENABLE_OBJC_WEAK = YES;
				CLANG_WARN_BLOCK_CAPTURE_AUTORELEASING = YES;
				CLANG_WARN_BOOL_CONVERSION = YES;
				CLANG_WARN_COMMA = YES;
				CLANG_WARN_CONSTANT_CONVERSION = YES;
				CLANG_WARN_DEPRECATED_OBJC_IMPLEMENTATIONS = YES;
				CLANG_WARN_DIRECT_OBJC_ISA_USAGE = YES_ERROR;
				CLANG_WARN_DOCUMENTATION_COMMENTS = YES;
				CLANG_WARN_EMPTY_BODY = YES;
				CLANG_WARN_ENUM_CONVERSION = YES;
				CLANG_WARN_INFINITE_RECURSION = YES;
				CLANG_WARN_INT_CONVERSION = YES;
				CLANG_WARN_NON_LITERAL_NULL_CONVERSION = YES;
				CLANG_WARN_OBJC_IMPLICIT_RETAIN_SELF = YES;
				CLANG_WARN_OBJC_LITERAL_CONVERSION = YES;
				CLANG_WARN_OBJC_ROOT_CLASS = YES_ERROR;
				CLANG_WARN_QUOTED_INCLUDE_IN_FRAMEWORK_HEADER = YES;
				CLANG_WARN_RANGE_LOOP_ANALYSIS = YES;
				CLANG_WARN_STRICT_PROTOTYPES = YES;
				CLANG_WARN_SUSPICIOUS_MOVE = YES;
				CLANG_WARN_UNGUARDED_AVAILABILITY = YES_AGGRESSIVE;
				CLANG_WARN_UNREACHABLE_CODE = YES;
				CLANG_WARN__DUPLICATE_METHOD_MATCH = YES;
				COPY_PHASE_STRIP = NO;
				DEBUG_INFORMATION_FORMAT = "dwarf-with-dsym";
				ENABLE_NS_ASSERTIONS = NO;
				ENABLE_STRICT_OBJC_MSGSEND = YES;
				GCC_C_LANGUAGE_STANDARD = gnu11;
				GCC_NO_COMMON_BLOCKS = YES;
				GCC_WARN_64_TO_32_BIT_CONVERSION = YES;
				GCC_WARN_ABOUT_RETURN_TYPE = YES_ERROR;
				GCC_WARN_UNDECLARED_SELECTOR = YES;
				GCC_WARN_UNINITIALIZED_AUTOS = YES_AGGRESSIVE;
				GCC_WARN_UNUSED_FUNCTION = YES;
				GCC_WARN_UNUSED_VARIABLE = YES;
				IPHONEOS_DEPLOYMENT_TARGET = 15.4;
				MTL_ENABLE_DEBUG_INFO = NO;
				MTL_FAST_MATH = YES;
				SDKROOT = iphoneos;
				SWIFT_COMPILATION_MODE = wholemodule;
				SWIFT_OPTIMIZATION_LEVEL = "-O";
				VALIDATE_PRODUCT = YES;
			};
			name = Release;
		};
		1A57E87928AF9BB500B0F75A /* Debug */ = {
			isa = XCBuildConfiguration;
			buildSettings = {
				ASSETCATALOG_COMPILER_APPICON_NAME = AppIcon;
				ASSETCATALOG_COMPILER_GLOBAL_ACCENT_COLOR_NAME = AccentColor;
				CODE_SIGN_STYLE = Automatic;
				CURRENT_PROJECT_VERSION = 1;
				DEVELOPMENT_ASSET_PATHS = "\"Modular/Preview Content\"";
				DEVELOPMENT_TEAM = WMNY6F6ZYN;
				ENABLE_PREVIEWS = YES;
				GENERATE_INFOPLIST_FILE = YES;
				INFOPLIST_KEY_UIApplicationSceneManifest_Generation = YES;
				INFOPLIST_KEY_UIApplicationSupportsIndirectInputEvents = YES;
				INFOPLIST_KEY_UILaunchScreen_Generation = YES;
				INFOPLIST_KEY_UISupportedInterfaceOrientations_iPad = "UIInterfaceOrientationPortrait UIInterfaceOrientationPortraitUpsideDown UIInterfaceOrientationLandscapeLeft UIInterfaceOrientationLandscapeRight";
				INFOPLIST_KEY_UISupportedInterfaceOrientations_iPhone = "UIInterfaceOrientationPortrait UIInterfaceOrientationLandscapeLeft UIInterfaceOrientationLandscapeRight";
				LD_RUNPATH_SEARCH_PATHS = (
					"$(inherited)",
					"@executable_path/Frameworks",
				);
				MARKETING_VERSION = 1.0;
				PRODUCT_BUNDLE_IDENTIFIER = com.danhdue.Modular;
				PRODUCT_NAME = "$(TARGET_NAME)";
				SWIFT_EMIT_LOC_STRINGS = YES;
				SWIFT_VERSION = 5.0;
				TARGETED_DEVICE_FAMILY = "1,2";
			};
			name = Debug;
		};
		1A57E87A28AF9BB500B0F75A /* Release */ = {
			isa = XCBuildConfiguration;
			buildSettings = {
				ASSETCATALOG_COMPILER_APPICON_NAME = AppIcon;
				ASSETCATALOG_COMPILER_GLOBAL_ACCENT_COLOR_NAME = AccentColor;
				CODE_SIGN_STYLE = Automatic;
				CURRENT_PROJECT_VERSION = 1;
				DEVELOPMENT_ASSET_PATHS = "\"Modular/Preview Content\"";
				DEVELOPMENT_TEAM = WMNY6F6ZYN;
				ENABLE_PREVIEWS = YES;
				GENERATE_INFOPLIST_FILE = YES;
				INFOPLIST_KEY_UIApplicationSceneManifest_Generation = YES;
				INFOPLIST_KEY_UIApplicationSupportsIndirectInputEvents = YES;
				INFOPLIST_KEY_UILaunchScreen_Generation = YES;
				INFOPLIST_KEY_UISupportedInterfaceOrientations_iPad = "UIInterfaceOrientationPortrait UIInterfaceOrientationPortraitUpsideDown UIInterfaceOrientationLandscapeLeft UIInterfaceOrientationLandscapeRight";
				INFOPLIST_KEY_UISupportedInterfaceOrientations_iPhone = "UIInterfaceOrientationPortrait UIInterfaceOrientationLandscapeLeft UIInterfaceOrientationLandscapeRight";
				LD_RUNPATH_SEARCH_PATHS = (
					"$(inherited)",
					"@executable_path/Frameworks",
				);
				MARKETING_VERSION = 1.0;
				PRODUCT_BUNDLE_IDENTIFIER = com.danhdue.Modular;
				PRODUCT_NAME = "$(TARGET_NAME)";
				SWIFT_EMIT_LOC_STRINGS = YES;
				SWIFT_VERSION = 5.0;
				TARGETED_DEVICE_FAMILY = "1,2";
			};
			name = Release;
		};
		1A57E87C28AF9BB500B0F75A /* Debug */ = {
			isa = XCBuildConfiguration;
			buildSettings = {
				ALWAYS_EMBED_SWIFT_STANDARD_LIBRARIES = YES;
				BUNDLE_LOADER = "$(TEST_HOST)";
				CODE_SIGN_STYLE = Automatic;
				CURRENT_PROJECT_VERSION = 1;
				DEVELOPMENT_TEAM = WMNY6F6ZYN;
				GENERATE_INFOPLIST_FILE = YES;
				IPHONEOS_DEPLOYMENT_TARGET = 15.4;
				MARKETING_VERSION = 1.0;
				PRODUCT_BUNDLE_IDENTIFIER = com.danhdue.ModularTests;
				PRODUCT_NAME = "$(TARGET_NAME)";
				SWIFT_EMIT_LOC_STRINGS = NO;
				SWIFT_VERSION = 5.0;
				TARGETED_DEVICE_FAMILY = "1,2";
				TEST_HOST = "$(BUILT_PRODUCTS_DIR)/Modular.app/Modular";
			};
			name = Debug;
		};
		1A57E87D28AF9BB500B0F75A /* Release */ = {
			isa = XCBuildConfiguration;
			buildSettings = {
				ALWAYS_EMBED_SWIFT_STANDARD_LIBRARIES = YES;
				BUNDLE_LOADER = "$(TEST_HOST)";
				CODE_SIGN_STYLE = Automatic;
				CURRENT_PROJECT_VERSION = 1;
				DEVELOPMENT_TEAM = WMNY6F6ZYN;
				GENERATE_INFOPLIST_FILE = YES;
				IPHONEOS_DEPLOYMENT_TARGET = 15.4;
				MARKETING_VERSION = 1.0;
				PRODUCT_BUNDLE_IDENTIFIER = com.danhdue.ModularTests;
				PRODUCT_NAME = "$(TARGET_NAME)";
				SWIFT_EMIT_LOC_STRINGS = NO;
				SWIFT_VERSION = 5.0;
				TARGETED_DEVICE_FAMILY = "1,2";
				TEST_HOST = "$(BUILT_PRODUCTS_DIR)/Modular.app/Modular";
			};
			name = Release;
		};
		1A57E87F28AF9BB500B0F75A /* Debug */ = {
			isa = XCBuildConfiguration;
			buildSettings = {
				ALWAYS_EMBED_SWIFT_STANDARD_LIBRARIES = YES;
				CODE_SIGN_STYLE = Automatic;
				CURRENT_PROJECT_VERSION = 1;
				DEVELOPMENT_TEAM = WMNY6F6ZYN;
				GENERATE_INFOPLIST_FILE = YES;
				MARKETING_VERSION = 1.0;
				PRODUCT_BUNDLE_IDENTIFIER = com.danhdue.ModularUITests;
				PRODUCT_NAME = "$(TARGET_NAME)";
				SWIFT_EMIT_LOC_STRINGS = NO;
				SWIFT_VERSION = 5.0;
				TARGETED_DEVICE_FAMILY = "1,2";
				TEST_TARGET_NAME = Modular;
			};
			name = Debug;
		};
		1A57E88028AF9BB500B0F75A /* Release */ = {
			isa = XCBuildConfiguration;
			buildSettings = {
				ALWAYS_EMBED_SWIFT_STANDARD_LIBRARIES = YES;
				CODE_SIGN_STYLE = Automatic;
				CURRENT_PROJECT_VERSION = 1;
				DEVELOPMENT_TEAM = WMNY6F6ZYN;
				GENERATE_INFOPLIST_FILE = YES;
				MARKETING_VERSION = 1.0;
				PRODUCT_BUNDLE_IDENTIFIER = com.danhdue.ModularUITests;
				PRODUCT_NAME = "$(TARGET_NAME)";
				SWIFT_EMIT_LOC_STRINGS = NO;
				SWIFT_VERSION = 5.0;
				TARGETED_DEVICE_FAMILY = "1,2";
				TEST_TARGET_NAME = Modular;
			};
			name = Release;
		};
		1AD62F6728B34E3C00140D72 /* Debug */ = {
			isa = XCBuildConfiguration;
			buildSettings = {
				ALWAYS_EMBED_SWIFT_STANDARD_LIBRARIES = YES;
				ASSETCATALOG_COMPILER_APPICON_NAME = AppIcon;
				ASSETCATALOG_COMPILER_GLOBAL_ACCENT_COLOR_NAME = AccentColor;
				CODE_SIGN_STYLE = Automatic;
				CURRENT_PROJECT_VERSION = 1;
				DEVELOPMENT_TEAM = WMNY6F6ZYN;
				GENERATE_INFOPLIST_FILE = YES;
				IBSC_MODULE = WatchLandmarks_WatchKit_Extension;
				INFOPLIST_KEY_CFBundleDisplayName = WatchLandmarks;
				INFOPLIST_KEY_UISupportedInterfaceOrientations = "UIInterfaceOrientationPortrait UIInterfaceOrientationPortraitUpsideDown";
				INFOPLIST_KEY_WKCompanionAppBundleIdentifier = com.danhdue.Modular;
				MARKETING_VERSION = 1.0;
				PRODUCT_BUNDLE_IDENTIFIER = com.danhdue.Modular.watchkitapp;
				PRODUCT_NAME = "$(TARGET_NAME)";
				SDKROOT = watchos;
				SKIP_INSTALL = YES;
				SWIFT_EMIT_LOC_STRINGS = YES;
				SWIFT_VERSION = 5.0;
				TARGETED_DEVICE_FAMILY = 4;
				WATCHOS_DEPLOYMENT_TARGET = 8.5;
			};
			name = Debug;
		};
		1AD62F6828B34E3C00140D72 /* Release */ = {
			isa = XCBuildConfiguration;
			buildSettings = {
				ALWAYS_EMBED_SWIFT_STANDARD_LIBRARIES = YES;
				ASSETCATALOG_COMPILER_APPICON_NAME = AppIcon;
				ASSETCATALOG_COMPILER_GLOBAL_ACCENT_COLOR_NAME = AccentColor;
				CODE_SIGN_STYLE = Automatic;
				CURRENT_PROJECT_VERSION = 1;
				DEVELOPMENT_TEAM = WMNY6F6ZYN;
				GENERATE_INFOPLIST_FILE = YES;
				IBSC_MODULE = WatchLandmarks_WatchKit_Extension;
				INFOPLIST_KEY_CFBundleDisplayName = WatchLandmarks;
				INFOPLIST_KEY_UISupportedInterfaceOrientations = "UIInterfaceOrientationPortrait UIInterfaceOrientationPortraitUpsideDown";
				INFOPLIST_KEY_WKCompanionAppBundleIdentifier = com.danhdue.Modular;
				MARKETING_VERSION = 1.0;
				PRODUCT_BUNDLE_IDENTIFIER = com.danhdue.Modular.watchkitapp;
				PRODUCT_NAME = "$(TARGET_NAME)";
				SDKROOT = watchos;
				SKIP_INSTALL = YES;
				SWIFT_EMIT_LOC_STRINGS = YES;
				SWIFT_VERSION = 5.0;
				TARGETED_DEVICE_FAMILY = 4;
				WATCHOS_DEPLOYMENT_TARGET = 8.5;
			};
			name = Release;
		};
		1AD62F6A28B34E3C00140D72 /* Debug */ = {
			isa = XCBuildConfiguration;
			buildSettings = {
				ASSETCATALOG_COMPILER_COMPLICATION_NAME = Complication;
				CODE_SIGN_STYLE = Automatic;
				CURRENT_PROJECT_VERSION = 1;
				DEVELOPMENT_ASSET_PATHS = "\"WatchLandmarks WatchKit Extension/Preview Content\"";
				DEVELOPMENT_TEAM = WMNY6F6ZYN;
				ENABLE_PREVIEWS = YES;
				GENERATE_INFOPLIST_FILE = YES;
				INFOPLIST_FILE = "WatchLandmarks WatchKit Extension/Info.plist";
				INFOPLIST_KEY_CFBundleDisplayName = "WatchLandmarks WatchKit Extension";
				INFOPLIST_KEY_CLKComplicationPrincipalClass = WatchLandmarks_WatchKit_Extension.ComplicationController;
				INFOPLIST_KEY_NSHumanReadableCopyright = "";
				INFOPLIST_KEY_WKRunsIndependentlyOfCompanionApp = YES;
				LD_RUNPATH_SEARCH_PATHS = (
					"$(inherited)",
					"@executable_path/Frameworks",
					"@executable_path/../../Frameworks",
				);
				MARKETING_VERSION = 1.0;
				PRODUCT_BUNDLE_IDENTIFIER = com.danhdue.Modular.watchkitapp.watchkitextension;
				PRODUCT_NAME = "${TARGET_NAME}";
				SDKROOT = watchos;
				SKIP_INSTALL = YES;
				SWIFT_EMIT_LOC_STRINGS = YES;
				SWIFT_VERSION = 5.0;
				TARGETED_DEVICE_FAMILY = 4;
				WATCHOS_DEPLOYMENT_TARGET = 8.5;
			};
			name = Debug;
		};
		1AD62F6B28B34E3C00140D72 /* Release */ = {
			isa = XCBuildConfiguration;
			buildSettings = {
				ASSETCATALOG_COMPILER_COMPLICATION_NAME = Complication;
				CODE_SIGN_STYLE = Automatic;
				CURRENT_PROJECT_VERSION = 1;
				DEVELOPMENT_ASSET_PATHS = "\"WatchLandmarks WatchKit Extension/Preview Content\"";
				DEVELOPMENT_TEAM = WMNY6F6ZYN;
				ENABLE_PREVIEWS = YES;
				GENERATE_INFOPLIST_FILE = YES;
				INFOPLIST_FILE = "WatchLandmarks WatchKit Extension/Info.plist";
				INFOPLIST_KEY_CFBundleDisplayName = "WatchLandmarks WatchKit Extension";
				INFOPLIST_KEY_CLKComplicationPrincipalClass = WatchLandmarks_WatchKit_Extension.ComplicationController;
				INFOPLIST_KEY_NSHumanReadableCopyright = "";
				INFOPLIST_KEY_WKRunsIndependentlyOfCompanionApp = YES;
				LD_RUNPATH_SEARCH_PATHS = (
					"$(inherited)",
					"@executable_path/Frameworks",
					"@executable_path/../../Frameworks",
				);
				MARKETING_VERSION = 1.0;
				PRODUCT_BUNDLE_IDENTIFIER = com.danhdue.Modular.watchkitapp.watchkitextension;
				PRODUCT_NAME = "${TARGET_NAME}";
				SDKROOT = watchos;
				SKIP_INSTALL = YES;
				SWIFT_EMIT_LOC_STRINGS = YES;
				SWIFT_VERSION = 5.0;
				TARGETED_DEVICE_FAMILY = 4;
				WATCHOS_DEPLOYMENT_TARGET = 8.5;
			};
			name = Release;
		};
		1AD62F6C28B34E3C00140D72 /* Debug */ = {
			isa = XCBuildConfiguration;
			buildSettings = {
				ALWAYS_EMBED_SWIFT_STANDARD_LIBRARIES = YES;
				BUNDLE_LOADER = "$(TEST_HOST)";
				CODE_SIGN_STYLE = Automatic;
				CURRENT_PROJECT_VERSION = 1;
				DEVELOPMENT_TEAM = WMNY6F6ZYN;
				GENERATE_INFOPLIST_FILE = YES;
				MARKETING_VERSION = 1.0;
				PRODUCT_BUNDLE_IDENTIFIER = com.danhdue.Modular.WatchLandmarksTests;
				PRODUCT_NAME = "$(TARGET_NAME)";
				SDKROOT = watchos;
				SWIFT_EMIT_LOC_STRINGS = NO;
				SWIFT_VERSION = 5.0;
				TARGETED_DEVICE_FAMILY = 4;
				TEST_HOST = "$(BUILT_PRODUCTS_DIR)/WatchLandmarks WatchKit Extension.appex/WatchLandmarks WatchKit Extension";
				WATCHOS_DEPLOYMENT_TARGET = 8.5;
			};
			name = Debug;
		};
		1AD62F6D28B34E3C00140D72 /* Release */ = {
			isa = XCBuildConfiguration;
			buildSettings = {
				ALWAYS_EMBED_SWIFT_STANDARD_LIBRARIES = YES;
				BUNDLE_LOADER = "$(TEST_HOST)";
				CODE_SIGN_STYLE = Automatic;
				CURRENT_PROJECT_VERSION = 1;
				DEVELOPMENT_TEAM = WMNY6F6ZYN;
				GENERATE_INFOPLIST_FILE = YES;
				MARKETING_VERSION = 1.0;
				PRODUCT_BUNDLE_IDENTIFIER = com.danhdue.Modular.WatchLandmarksTests;
				PRODUCT_NAME = "$(TARGET_NAME)";
				SDKROOT = watchos;
				SWIFT_EMIT_LOC_STRINGS = NO;
				SWIFT_VERSION = 5.0;
				TARGETED_DEVICE_FAMILY = 4;
				TEST_HOST = "$(BUILT_PRODUCTS_DIR)/WatchLandmarks WatchKit Extension.appex/WatchLandmarks WatchKit Extension";
				WATCHOS_DEPLOYMENT_TARGET = 8.5;
			};
			name = Release;
		};
		1AD62F6E28B34E3C00140D72 /* Debug */ = {
			isa = XCBuildConfiguration;
			buildSettings = {
				CODE_SIGN_STYLE = Automatic;
				CURRENT_PROJECT_VERSION = 1;
				DEVELOPMENT_TEAM = WMNY6F6ZYN;
				GENERATE_INFOPLIST_FILE = YES;
				MARKETING_VERSION = 1.0;
				PRODUCT_BUNDLE_IDENTIFIER = com.danhdue.Modular.WatchLandmarksUITests;
				PRODUCT_NAME = "$(TARGET_NAME)";
				SDKROOT = watchos;
				SWIFT_EMIT_LOC_STRINGS = NO;
				SWIFT_VERSION = 5.0;
				TARGETED_DEVICE_FAMILY = 4;
				TEST_TARGET_NAME = WatchLandmarks;
				WATCHOS_DEPLOYMENT_TARGET = 8.5;
			};
			name = Debug;
		};
		1AD62F6F28B34E3C00140D72 /* Release */ = {
			isa = XCBuildConfiguration;
			buildSettings = {
				CODE_SIGN_STYLE = Automatic;
				CURRENT_PROJECT_VERSION = 1;
				DEVELOPMENT_TEAM = WMNY6F6ZYN;
				GENERATE_INFOPLIST_FILE = YES;
				MARKETING_VERSION = 1.0;
				PRODUCT_BUNDLE_IDENTIFIER = com.danhdue.Modular.WatchLandmarksUITests;
				PRODUCT_NAME = "$(TARGET_NAME)";
				SDKROOT = watchos;
				SWIFT_EMIT_LOC_STRINGS = NO;
				SWIFT_VERSION = 5.0;
				TARGETED_DEVICE_FAMILY = 4;
				TEST_TARGET_NAME = WatchLandmarks;
				WATCHOS_DEPLOYMENT_TARGET = 8.5;
			};
			name = Release;
		};
/* End XCBuildConfiguration section */

/* Begin XCConfigurationList section */
		1A57E84F28AF9BB200B0F75A /* Build configuration list for PBXProject "Modular" */ = {
			isa = XCConfigurationList;
			buildConfigurations = (
				1A57E87628AF9BB500B0F75A /* Debug */,
				1A57E87728AF9BB500B0F75A /* Release */,
			);
			defaultConfigurationIsVisible = 0;
			defaultConfigurationName = Release;
		};
		1A57E87828AF9BB500B0F75A /* Build configuration list for PBXNativeTarget "Modular" */ = {
			isa = XCConfigurationList;
			buildConfigurations = (
				1A57E87928AF9BB500B0F75A /* Debug */,
				1A57E87A28AF9BB500B0F75A /* Release */,
			);
			defaultConfigurationIsVisible = 0;
			defaultConfigurationName = Release;
		};
		1A57E87B28AF9BB500B0F75A /* Build configuration list for PBXNativeTarget "ModularTests" */ = {
			isa = XCConfigurationList;
			buildConfigurations = (
				1A57E87C28AF9BB500B0F75A /* Debug */,
				1A57E87D28AF9BB500B0F75A /* Release */,
			);
			defaultConfigurationIsVisible = 0;
			defaultConfigurationName = Release;
		};
		1A57E87E28AF9BB500B0F75A /* Build configuration list for PBXNativeTarget "ModularUITests" */ = {
			isa = XCConfigurationList;
			buildConfigurations = (
				1A57E87F28AF9BB500B0F75A /* Debug */,
				1A57E88028AF9BB500B0F75A /* Release */,
			);
			defaultConfigurationIsVisible = 0;
			defaultConfigurationName = Release;
		};
		1AD62F7028B34E3C00140D72 /* Build configuration list for PBXNativeTarget "WatchLandmarks WatchKit Extension" */ = {
			isa = XCConfigurationList;
			buildConfigurations = (
				1AD62F6A28B34E3C00140D72 /* Debug */,
				1AD62F6B28B34E3C00140D72 /* Release */,
			);
			defaultConfigurationIsVisible = 0;
			defaultConfigurationName = Release;
		};
		1AD62F7128B34E3C00140D72 /* Build configuration list for PBXNativeTarget "WatchLandmarks" */ = {
			isa = XCConfigurationList;
			buildConfigurations = (
				1AD62F6728B34E3C00140D72 /* Debug */,
				1AD62F6828B34E3C00140D72 /* Release */,
			);
			defaultConfigurationIsVisible = 0;
			defaultConfigurationName = Release;
		};
		1AD62F7228B34E3C00140D72 /* Build configuration list for PBXNativeTarget "WatchLandmarksTests" */ = {
			isa = XCConfigurationList;
			buildConfigurations = (
				1AD62F6C28B34E3C00140D72 /* Debug */,
				1AD62F6D28B34E3C00140D72 /* Release */,
			);
			defaultConfigurationIsVisible = 0;
			defaultConfigurationName = Release;
		};
		1AD62F7328B34E3C00140D72 /* Build configuration list for PBXNativeTarget "WatchLandmarksUITests" */ = {
			isa = XCConfigurationList;
			buildConfigurations = (
				1AD62F6E28B34E3C00140D72 /* Debug */,
				1AD62F6F28B34E3C00140D72 /* Release */,
			);
			defaultConfigurationIsVisible = 0;
			defaultConfigurationName = Release;
		};
/* End XCConfigurationList section */
	};
	rootObject = 1A57E84C28AF9BB200B0F75A /* Project object */;
}
